
Microsoft Visual Studio Solution File, Format Version 12.00
# Visual Studio Version 16
VisualStudioVersion = 16.0.31129.286
MinimumVisualStudioVersion = 10.0.40219.1
Project("{FAE04EC0-301F-11D3-BF4B-00C04F79EFBC}") = "BulletTest", "BulletTest.csproj", "{CAB1CA90-C53B-4279-ACD6-BE58270943BC}"
EndProject
Global
	GlobalSection(SolutionConfigurationPlatforms) = preSolution
		Debug|Any CPU = Debug|Any CPU
		Release|Any CPU = Release|Any CPU
	EndGlobalSection
	GlobalSection(ProjectConfigurationPlatforms) = postSolution
		{CAB1CA90-C53B-4279-ACD6-BE58270943BC}.Debug|Any CPU.ActiveCfg = Debug|Any CPU
		{CAB1CA90-C53B-4279-ACD6-BE58270943BC}.Debug|Any CPU.Build.0 = Debug|Any CPU
		{CAB1CA90-C53B-4279-ACD6-BE58270943BC}.Release|Any CPU.ActiveCfg = Release|Any CPU
		{CAB1CA90-C53B-4279-ACD6-BE58270943BC}.Release|Any CPU.Build.0 = Release|Any CPU
	EndGlobalSection
	GlobalSection(SolutionProperties) = preSolution
		HideSolutionNode = FALSE
	EndGlobalSection
	GlobalSection(ExtensibilityGlobals) = postSolution
		SolutionGuid = {49832214-0EA9-4B64-ADBE-F7E81CC5ADE4}
	EndGlobalSection
EndGlobal
